{
  "version": 4,
  "terraform_version": "1.10.2",
  "serial": 51,
  "lineage": "ed7d85f1-5eaf-5e53-cb2a-26a1c71d3d1d",
  "outputs": {
    "sagemaker_endpoint_name": {
      "value": "eg-en-translator-endpoint",
      "type": "string"
    }
  },
  "resources": [
    {
      "mode": "data",
      "type": "aws_iam_policy_document",
      "name": "sagemaker_assume_role_policy",
      "provider": "provider[\"registry.terraform.io/hashicorp/aws\"]",
      "instances": [
        {
          "schema_version": 0,
          "attributes": {
            "id": "1147345228",
            "json": "{\n  \"Version\": \"2012-10-17\",\n  \"Statement\": [\n    {\n      \"Effect\": \"Allow\",\n      \"Action\": \"sts:AssumeRole\",\n      \"Principal\": {\n        \"Service\": \"sagemaker.amazonaws.com\"\n      }\n    }\n  ]\n}",
            "minified_json": "{\"Version\":\"2012-10-17\",\"Statement\":[{\"Effect\":\"Allow\",\"Action\":\"sts:AssumeRole\",\"Principal\":{\"Service\":\"sagemaker.amazonaws.com\"}}]}",
            "override_json": null,
            "override_policy_documents": null,
            "policy_id": null,
            "source_json": null,
            "source_policy_documents": null,
            "statement": [
              {
                "actions": [
                  "sts:AssumeRole"
                ],
                "condition": [],
                "effect": "Allow",
                "not_actions": [],
                "not_principals": [],
                "not_resources": [],
                "principals": [
                  {
                    "identifiers": [
                      "sagemaker.amazonaws.com"
                    ],
                    "type": "Service"
                  }
                ],
                "resources": [],
                "sid": ""
              }
            ],
            "version": "2012-10-17"
          },
          "sensitive_attributes": []
        }
      ]
    },
    {
      "mode": "managed",
      "type": "aws_iam_role",
      "name": "sagemaker_access_iam_role",
      "provider": "provider[\"registry.terraform.io/hashicorp/aws\"]",
      "instances": [
        {
          "schema_version": 0,
          "attributes": {
            "arn": "arn:aws:iam::575108950936:role/system/sagemaker_access_iam_role",
            "assume_role_policy": "{\"Statement\":[{\"Action\":\"sts:AssumeRole\",\"Effect\":\"Allow\",\"Principal\":{\"Service\":\"sagemaker.amazonaws.com\"}}],\"Version\":\"2012-10-17\"}",
            "create_date": "2024-12-14T21:14:14Z",
            "description": "",
            "force_detach_policies": false,
            "id": "sagemaker_access_iam_role",
            "inline_policy": [],
            "managed_policy_arns": [
              "arn:aws:iam::aws:policy/AmazonSageMakerFullAccess"
            ],
            "max_session_duration": 3600,
            "name": "sagemaker_access_iam_role",
            "name_prefix": "",
            "path": "/system/",
            "permissions_boundary": "",
            "tags": {},
            "tags_all": {},
            "unique_id": "AROAYLZZKFOMJAHKINI27"
          },
          "sensitive_attributes": [],
          "private": "bnVsbA==",
          "dependencies": [
            "data.aws_iam_policy_document.sagemaker_assume_role_policy"
          ]
        }
      ]
    },
    {
      "mode": "managed",
      "type": "aws_iam_role_policy_attachment",
      "name": "sagemaker_access_policy_attachment",
      "provider": "provider[\"registry.terraform.io/hashicorp/aws\"]",
      "instances": [
        {
          "schema_version": 0,
          "attributes": {
            "id": "sagemaker_access_iam_role-20241214211414649500000001",
            "policy_arn": "arn:aws:iam::aws:policy/AmazonSageMakerFullAccess",
            "role": "sagemaker_access_iam_role"
          },
          "sensitive_attributes": [],
          "private": "bnVsbA==",
          "dependencies": [
            "aws_iam_role.sagemaker_access_iam_role",
            "data.aws_iam_policy_document.sagemaker_assume_role_policy"
          ]
        }
      ]
    },
    {
      "mode": "managed",
      "type": "aws_sagemaker_endpoint",
      "name": "eg-en-translator-endpoint",
      "provider": "provider[\"registry.terraform.io/hashicorp/aws\"]",
      "instances": [
        {
          "status": "tainted",
          "schema_version": 0,
          "attributes": {
            "arn": null,
            "deployment_config": [],
            "endpoint_config_name": "eg-en-translator-endpoint-configuration",
            "id": "eg-en-translator-endpoint",
            "name": "eg-en-translator-endpoint",
            "tags": {
              "Name": "eg-en-translator-endpoint"
            },
            "tags_all": {
              "Name": "eg-en-translator-endpoint"
            }
          },
          "sensitive_attributes": [],
          "private": "bnVsbA==",
          "dependencies": [
            "aws_iam_role.sagemaker_access_iam_role",
            "aws_sagemaker_endpoint_configuration.eg-en-translator-endpoint-configuration",
            "aws_sagemaker_model.sagemaker-eg-en-translator-model",
            "data.aws_iam_policy_document.sagemaker_assume_role_policy"
          ]
        }
      ]
    },
    {
      "mode": "managed",
      "type": "aws_sagemaker_endpoint_configuration",
      "name": "eg-en-translator-endpoint-configuration",
      "provider": "provider[\"registry.terraform.io/hashicorp/aws\"]",
      "instances": [
        {
          "schema_version": 0,
          "attributes": {
            "arn": "arn:aws:sagemaker:us-east-1:575108950936:endpoint-config/eg-en-translator-endpoint-configuration",
            "async_inference_config": [],
            "data_capture_config": [],
            "id": "eg-en-translator-endpoint-configuration",
            "kms_key_arn": "",
            "name": "eg-en-translator-endpoint-configuration",
            "name_prefix": "",
            "production_variants": [
              {
                "accelerator_type": "",
                "container_startup_health_check_timeout_in_seconds": 0,
                "core_dump_config": [],
                "enable_ssm_access": false,
                "inference_ami_version": "",
                "initial_instance_count": 1,
                "initial_variant_weight": 1,
                "instance_type": "ml.t2.medium",
                "managed_instance_scaling": [],
                "model_data_download_timeout_in_seconds": 0,
                "model_name": "sagemaker-eg-en-translator-model",
                "routing_config": [],
                "serverless_config": [],
                "variant_name": "en-eg-translator-variant",
                "volume_size_in_gb": 0
              }
            ],
            "shadow_production_variants": [],
            "tags": {
              "Name": "eg-en-translator-endpoint-configuration"
            },
            "tags_all": {
              "Name": "eg-en-translator-endpoint-configuration"
            }
          },
          "sensitive_attributes": [],
          "private": "bnVsbA==",
          "dependencies": [
            "aws_iam_role.sagemaker_access_iam_role",
            "aws_sagemaker_model.sagemaker-eg-en-translator-model",
            "data.aws_iam_policy_document.sagemaker_assume_role_policy"
          ]
        }
      ]
    },
    {
      "mode": "managed",
      "type": "aws_sagemaker_model",
      "name": "sagemaker-eg-en-translator-model",
      "provider": "provider[\"registry.terraform.io/hashicorp/aws\"]",
      "instances": [
        {
          "schema_version": 0,
          "attributes": {
            "arn": "arn:aws:sagemaker:us-east-1:575108950936:model/sagemaker-eg-en-translator-model",
            "container": [],
            "enable_network_isolation": false,
            "execution_role_arn": "arn:aws:iam::575108950936:role/system/sagemaker_access_iam_role",
            "id": "sagemaker-eg-en-translator-model",
            "inference_execution_config": [],
            "name": "sagemaker-eg-en-translator-model",
            "primary_container": [
              {
                "container_hostname": "",
                "environment": {},
                "image": "575108950936.dkr.ecr.us-east-1.amazonaws.com/inference/translator:latest",
                "image_config": [],
                "inference_specification_name": "",
                "mode": "SingleModel",
                "model_data_source": [],
                "model_data_url": "",
                "model_package_name": "",
                "multi_model_config": []
              }
            ],
            "tags": {},
            "tags_all": {},
            "vpc_config": []
          },
          "sensitive_attributes": [],
          "private": "bnVsbA==",
          "dependencies": [
            "aws_iam_role.sagemaker_access_iam_role",
            "data.aws_iam_policy_document.sagemaker_assume_role_policy"
          ]
        }
      ]
    }
  ],
  "check_results": null
}
